// !$*UTF8*$!
{
	archiveVersion = 1;
	classes = {
	};
	objectVersion = 56;
	objects = {

/* Begin PBXBuildFile section */
		C4DA59D22BAE1E2F00495F5E /* AppDelegate.swift in Sources */ = {isa = PBXBuildFile; fileRef = C4DA59D12BAE1E2F00495F5E /* AppDelegate.swift */; };
		C4DA59D42BAE1E2F00495F5E /* SceneDelegate.swift in Sources */ = {isa = PBXBuildFile; fileRef = C4DA59D32BAE1E2F00495F5E /* SceneDelegate.swift */; };
		C4DA59D62BAE1E2F00495F5E /* ViewController.swift in Sources */ = {isa = PBXBuildFile; fileRef = C4DA59D52BAE1E2F00495F5E /* ViewController.swift */; };
		C4DA59D92BAE1E2F00495F5E /* Base in Resources */ = {isa = PBXBuildFile; fileRef = C4DA59D82BAE1E2F00495F5E /* Base */; };
		C4DA59DB2BAE1E3100495F5E /* Assets.xcassets in Resources */ = {isa = PBXBuildFile; fileRef = C4DA59DA2BAE1E3100495F5E /* Assets.xcassets */; };
		C4DA59DE2BAE1E3100495F5E /* Base in Resources */ = {isa = PBXBuildFile; fileRef = C4DA59DD2BAE1E3100495F5E /* Base */; };
		C4DA59E72BAE1F8400495F5E /* Tela02ViewController.swift in Sources */ = {isa = PBXBuildFile; fileRef = C4DA59E62BAE1F8400495F5E /* Tela02ViewController.swift */; };
		C4DA59E92BAE1F9500495F5E /* Tela02ViewController.storyboard in Resources */ = {isa = PBXBuildFile; fileRef = C4DA59E82BAE1F9500495F5E /* Tela02ViewController.storyboard */; };
/* End PBXBuildFile section */

/* Begin PBXFileReference section */
		C4DA59CE2BAE1E2F00495F5E /* TransicaoDeDados.app */ = {isa = PBXFileReference; explicitFileType = wrapper.application; includeInIndex = 0; path = TransicaoDeDados.app; sourceTree = BUILT_PRODUCTS_DIR; };
		C4DA59D12BAE1E2F00495F5E /* AppDelegate.swift */ = {isa = PBXFileReference; lastKnownFileType = sourcecode.swift; path = AppDelegate.swift; sourceTree = "<group>"; };
		C4DA59D32BAE1E2F00495F5E /* SceneDelegate.swift */ = {isa = PBXFileReference; lastKnownFileType = sourcecode.swift; path = SceneDelegate.swift; sourceTree = "<group>"; };
		C4DA59D52BAE1E2F00495F5E /* ViewController.swift */ = {isa = PBXFileReference; lastKnownFileType = sourcecode.swift; path = ViewController.swift; sourceTree = "<group>"; };
		C4DA59D82BAE1E2F00495F5E /* Base */ = {isa = PBXFileReference; lastKnownFileType = file.storyboard; name = Base; path = Base.lproj/Main.storyboard; sourceTree = "<group>"; };
		C4DA59DA2BAE1E3100495F5E /* Assets.xcassets */ = {isa = PBXFileReference; lastKnownFileType = folder.assetcatalog; path = Assets.xcassets; sourceTree = "<group>"; };
		C4DA59DD2BAE1E3100495F5E /* Base */ = {isa = PBXFileReference; lastKnownFileType = file.storyboard; name = Base; path = Base.lproj/LaunchScreen.storyboard; sourceTree = "<group>"; };
		C4DA59DF2BAE1E3100495F5E /* Info.plist */ = {isa = PBXFileReference; lastKnownFileType = text.plist.xml; path = Info.plist; sourceTree = "<group>"; };
		C4DA59E62BAE1F8400495F5E /* Tela02ViewController.swift */ = {isa = PBXFileReference; lastKnownFileType = sourcecode.swift; path = Tela02ViewController.swift; sourceTree = "<group>"; };
		C4DA59E82BAE1F9500495F5E /* Tela02ViewController.storyboard */ = {isa = PBXFileReference; lastKnownFileType = file.storyboard; path = Tela02ViewController.storyboard; sourceTree = "<group>"; };
/* End PBXFileReference section */

/* Begin PBXFrameworksBuildPhase section */
		C4DA59CB2BAE1E2F00495F5E /* Frameworks */ = {
			isa = PBXFrameworksBuildPhase;
			buildActionMask = 2147483647;
			files = (
			);
			runOnlyForDeploymentPostprocessing = 0;
		};
/* End PBXFrameworksBuildPhase section */

/* Begin PBXGroup section */
		C4DA59C52BAE1E2E00495F5E = {
			isa = PBXGroup;
			children = (
				C4DA59D02BAE1E2F00495F5E /* TransicaoDeDados */,
				C4DA59CF2BAE1E2F00495F5E /* Products */,
			);
			sourceTree = "<group>";
		};
		C4DA59CF2BAE1E2F00495F5E /* Products */ = {
			isa = PBXGroup;
			children = (
				C4DA59CE2BAE1E2F00495F5E /* TransicaoDeDados.app */,
			);
			name = Products;
			sourceTree = "<group>";
		};
		C4DA59D02BAE1E2F00495F5E /* TransicaoDeDados */ = {
			isa = PBXGroup;
			children = (
				C4DA59EB2BAE1FB100495F5E /* Tela01 */,
				C4DA59E52BAE1F5C00495F5E /* Tela02 */,
				C4DA59EA2BAE1F9C00495F5E /* Resources */,
				C4DA59DF2BAE1E3100495F5E /* Info.plist */,
			);
			path = TransicaoDeDados;
			sourceTree = "<group>";
		};
		C4DA59E52BAE1F5C00495F5E /* Tela02 */ = {
			isa = PBXGroup;
			children = (
				C4DA59E82BAE1F9500495F5E /* Tela02ViewController.storyboard */,
				C4DA59E62BAE1F8400495F5E /* Tela02ViewController.swift */,
			);
			path = Tela02;
			sourceTree = "<group>";
		};
		C4DA59EA2BAE1F9C00495F5E /* Resources */ = {
			isa = PBXGroup;
			children = (
				C4DA59D12BAE1E2F00495F5E /* AppDelegate.swift */,
				C4DA59D32BAE1E2F00495F5E /* SceneDelegate.swift */,
				C4DA59DA2BAE1E3100495F5E /* Assets.xcassets */,
				C4DA59DC2BAE1E3100495F5E /* LaunchScreen.storyboard */,
			);
			path = Resources;
			sourceTree = "<group>";
		};
		C4DA59EB2BAE1FB100495F5E /* Tela01 */ = {
			isa = PBXGroup;
			children = (
				C4DA59D72BAE1E2F00495F5E /* Main.storyboard */,
				C4DA59D52BAE1E2F00495F5E /* ViewController.swift */,
			);
			path = Tela01;
			sourceTree = "<group>";
		};
/* End PBXGroup section */

/* Begin PBXNativeTarget section */
		C4DA59CD2BAE1E2F00495F5E /* TransicaoDeDados */ = {
			isa = PBXNativeTarget;
			buildConfigurationList = C4DA59E22BAE1E3100495F5E /* Build configuration list for PBXNativeTarget "TransicaoDeDados" */;
			buildPhases = (
				C4DA59CA2BAE1E2F00495F5E /* Sources */,
				C4DA59CB2BAE1E2F00495F5E /* Frameworks */,
				C4DA59CC2BAE1E2F00495F5E /* Resources */,
			);
			buildRules = (
			);
			dependencies = (
			);
			name = TransicaoDeDados;
			productName = TransicaoDeDados;
			productReference = C4DA59CE2BAE1E2F00495F5E /* TransicaoDeDados.app */;
			productType = "com.apple.product-type.application";
		};
/* End PBXNativeTarget section */

/* Begin PBXProject section */
		C4DA59C62BAE1E2E00495F5E /* Project object */ = {
			isa = PBXProject;
			attributes = {
				BuildIndependentTargetsInParallel = 1;
				LastSwiftUpdateCheck = 1530;
				LastUpgradeCheck = 1530;
				TargetAttributes = {
					C4DA59CD2BAE1E2F00495F5E = {
						CreatedOnToolsVersion = 15.3;
					};
				};
			};
			buildConfigurationList = C4DA59C92BAE1E2E00495F5E /* Build configuration list for PBXProject "TransicaoDeDados" */;
			compatibilityVersion = "Xcode 14.0";
			developmentRegion = en;
			hasScannedForEncodings = 0;
			knownRegions = (
				en,
				Base,
			);
			mainGroup = C4DA59C52BAE1E2E00495F5E;
			productRefGroup = C4DA59CF2BAE1E2F00495F5E /* Products */;
			projectDirPath = "";
			projectRoot = "";
			targets = (
				C4DA59CD2BAE1E2F00495F5E /* TransicaoDeDados */,
			);
		};
/* End PBXProject section */

/* Begin PBXResourcesBuildPhase section */
		C4DA59CC2BAE1E2F00495F5E /* Resources */ = {
			isa = PBXResourcesBuildPhase;
			buildActionMask = 2147483647;
			files = (
				C4DA59DB2BAE1E3100495F5E /* Assets.xcassets in Resources */,
				C4DA59E92BAE1F9500495F5E /* Tela02ViewController.storyboard in Resources */,
				C4DA59DE2BAE1E3100495F5E /* Base in Resources */,
				C4DA59D92BAE1E2F00495F5E /* Base in Resources */,
			);
			runOnlyForDeploymentPostprocessing = 0;
		};
/* End PBXResourcesBuildPhase section */

/* Begin PBXSourcesBuildPhase section */
		C4DA59CA2BAE1E2F00495F5E /* Sources */ = {
			isa = PBXSourcesBuildPhase;
			buildActionMask = 2147483647;
			files = (
				C4DA59E72BAE1F8400495F5E /* Tela02ViewController.swift in Sources */,
				C4DA59D62BAE1E2F00495F5E /* ViewController.swift in Sources */,
				C4DA59D22BAE1E2F00495F5E /* AppDelegate.swift in Sources */,
				C4DA59D42BAE1E2F00495F5E /* SceneDelegate.swift in Sources */,
			);
			runOnlyForDeploymentPostprocessing = 0;
		};
/* End PBXSourcesBuildPhase section */

/* Begin PBXVariantGroup section */
		C4DA59D72BAE1E2F00495F5E /* Main.storyboard */ = {
			isa = PBXVariantGroup;
			children = (
				C4DA59D82BAE1E2F00495F5E /* Base */,
			);
			name = Main.storyboard;
			sourceTree = "<group>";
		};
		C4DA59DC2BAE1E3100495F5E /* LaunchScreen.storyboard */ = {
			isa = PBXVariantGroup;
			children = (
				C4DA59DD2BAE1E3100495F5E /* Base */,
			);
			name = LaunchScreen.storyboard;
			sourceTree = "<group>";
		};
/* End PBXVariantGroup section */

/* Begin XCBuildConfiguration section */
		C4DA59E02BAE1E3100495F5E /* Debug */ = {
			isa = XCBuildConfiguration;
			buildSettings = {
				ALWAYS_SEARCH_USER_PATHS = NO;
				ASSETCATALOG_COMPILER_GENERATE_SWIFT_ASSET_SYMBOL_EXTENSIONS = YES;
				CLANG_ANALYZER_NONNULL = YES;
				CLANG_ANALYZER_NUMBER_OBJECT_CONVERSION = YES_AGGRESSIVE;
				CLANG_CXX_LANGUAGE_STANDARD = "gnu++20";
				CLANG_ENABLE_MODULES = YES;
				CLANG_ENABLE_OBJC_ARC = YES;
				CLANG_ENABLE_OBJC_WEAK = YES;
				CLANG_WARN_BLOCK_CAPTURE_AUTORELEASING = YES;
				CLANG_WARN_BOOL_CONVERSION = YES;
				CLANG_WARN_COMMA = YES;
				CLANG_WARN_CONSTANT_CONVERSION = YES;
				CLANG_WARN_DEPRECATED_OBJC_IMPLEMENTATIONS = YES;
				CLANG_WARN_DIRECT_OBJC_ISA_USAGE = YES_ERROR;
				CLANG_WARN_DOCUMENTATION_COMMENTS = YES;
				CLANG_WARN_EMPTY_BODY = YES;
				CLANG_WARN_ENUM_CONVERSION = YES;
				CLANG_WARN_INFINITE_RECURSION = YES;
				CLANG_WARN_INT_CONVERSION = YES;
				CLANG_WARN_NON_LITERAL_NULL_CONVERSION = YES;
				CLANG_WARN_OBJC_IMPLICIT_RETAIN_SELF = YES;
				CLANG_WARN_OBJC_LITERAL_CONVERSION = YES;
				CLANG_WARN_OBJC_ROOT_CLASS = YES_ERROR;
				CLANG_WARN_QUOTED_INCLUDE_IN_FRAMEWORK_HEADER = YES;
				CLANG_WARN_RANGE_LOOP_ANALYSIS = YES;
				CLANG_WARN_STRICT_PROTOTYPES = YES;
				CLANG_WARN_SUSPICIOUS_MOVE = YES;
				CLANG_WARN_UNGUARDED_AVAILABILITY = YES_AGGRESSIVE;
				CLANG_WARN_UNREACHABLE_CODE = YES;
				CLANG_WARN__DUPLICATE_METHOD_MATCH = YES;
				COPY_PHASE_STRIP = NO;
				DEBUG_INFORMATION_FORMAT = dwarf;
				ENABLE_STRICT_OBJC_MSGSEND = YES;
				ENABLE_TESTABILITY = YES;
				ENABLE_USER_SCRIPT_SANDBOXING = YES;
				GCC_C_LANGUAGE_STANDARD = gnu17;
				GCC_DYNAMIC_NO_PIC = NO;
				GCC_NO_COMMON_BLOCKS = YES;
				GCC_OPTIMIZATION_LEVEL = 0;
				GCC_PREPROCESSOR_DEFINITIONS = (
					"DEBUG=1",
					"$(inherited)",
				);
				GCC_WARN_64_TO_32_BIT_CONVERSION = YES;
				GCC_WARN_ABOUT_RETURN_TYPE = YES_ERROR;
				GCC_WARN_UNDECLARED_SELECTOR = YES;
				GCC_WARN_UNINITIALIZED_AUTOS = YES_AGGRESSIVE;
				GCC_WARN_UNUSED_FUNCTION = YES;
				GCC_WARN_UNUSED_VARIABLE = YES;
				IPHONEOS_DEPLOYMENT_TARGET = 17.4;
				LOCALIZATION_PREFERS_STRING_CATALOGS = YES;
				MTL_ENABLE_DEBUG_INFO = INCLUDE_SOURCE;
				MTL_FAST_MATH = YES;
				ONLY_ACTIVE_ARCH = YES;
				SDKROOT = iphoneos;
				SWIFT_ACTIVE_COMPILATION_CONDITIONS = "DEBUG $(inherited)";
				SWIFT_OPTIMIZATION_LEVEL = "-Onone";
			};
			name = Debug;
		};
		C4DA59E12BAE1E3100495F5E /* Release */ = {
			isa = XCBuildConfiguration;
			buildSettings = {
				ALWAYS_SEARCH_USER_PATHS = NO;
				ASSETCATALOG_COMPILER_GENERATE_SWIFT_ASSET_SYMBOL_EXTENSIONS = YES;
				CLANG_ANALYZER_NONNULL = YES;
				CLANG_ANALYZER_NUMBER_OBJECT_CONVERSION = YES_AGGRESSIVE;
				CLANG_CXX_LANGUAGE_STANDARD = "gnu++20";
				CLANG_ENABLE_MODULES = YES;
				CLANG_ENABLE_OBJC_ARC = YES;
				CLANG_ENABLE_OBJC_WEAK = YES;
				CLANG_WARN_BLOCK_CAPTURE_AUTORELEASING = YES;
				CLANG_WARN_BOOL_CONVERSION = YES;
				CLANG_WARN_COMMA = YES;
				CLANG_WARN_CONSTANT_CONVERSION = YES;
				CLANG_WARN_DEPRECATED_OBJC_IMPLEMENTATIONS = YES;
				CLANG_WARN_DIRECT_OBJC_ISA_USAGE = YES_ERROR;
				CLANG_WARN_DOCUMENTATION_COMMENTS = YES;
				CLANG_WARN_EMPTY_BODY = YES;
				CLANG_WARN_ENUM_CONVERSION = YES;
				CLANG_WARN_INFINITE_RECURSION = YES;
				CLANG_WARN_INT_CONVERSION = YES;
				CLANG_WARN_NON_LITERAL_NULL_CONVERSION = YES;
				CLANG_WARN_OBJC_IMPLICIT_RETAIN_SELF = YES;
				CLANG_WARN_OBJC_LITERAL_CONVERSION = YES;
				CLANG_WARN_OBJC_ROOT_CLASS = YES_ERROR;
				CLANG_WARN_QUOTED_INCLUDE_IN_FRAMEWORK_HEADER = YES;
				CLANG_WARN_RANGE_LOOP_ANALYSIS = YES;
				CLANG_WARN_STRICT_PROTOTYPES = YES;
				CLANG_WARN_SUSPICIOUS_MOVE = YES;
				CLANG_WARN_UNGUARDED_AVAILABILITY = YES_AGGRESSIVE;
				CLANG_WARN_UNREACHABLE_CODE = YES;
				CLANG_WARN__DUPLICATE_METHOD_MATCH = YES;
				COPY_PHASE_STRIP = NO;
				DEBUG_INFORMATION_FORMAT = "dwarf-with-dsym";
				ENABLE_NS_ASSERTIONS = NO;
				ENABLE_STRICT_OBJC_MSGSEND = YES;
				ENABLE_USER_SCRIPT_SANDBOXING = YES;
				GCC_C_LANGUAGE_STANDARD = gnu17;
				GCC_NO_COMMON_BLOCKS = YES;
				GCC_WARN_64_TO_32_BIT_CONVERSION = YES;
				GCC_WARN_ABOUT_RETURN_TYPE = YES_ERROR;
				GCC_WARN_UNDECLARED_SELECTOR = YES;
				GCC_WARN_UNINITIALIZED_AUTOS = YES_AGGRESSIVE;
				GCC_WARN_UNUSED_FUNCTION = YES;
				GCC_WARN_UNUSED_VARIABLE = YES;
				IPHONEOS_DEPLOYMENT_TARGET = 17.4;
				LOCALIZATION_PREFERS_STRING_CATALOGS = YES;
				MTL_ENABLE_DEBUG_INFO = NO;
				MTL_FAST_MATH = YES;
				SDKROOT = iphoneos;
				SWIFT_COMPILATION_MODE = wholemodule;
				VALIDATE_PRODUCT = YES;
			};
			name = Release;
		};
		C4DA59E32BAE1E3100495F5E /* Debug */ = {
			isa = XCBuildConfiguration;
			buildSettings = {
				ASSETCATALOG_COMPILER_APPICON_NAME = AppIcon;
				ASSETCATALOG_COMPILER_GLOBAL_ACCENT_COLOR_NAME = AccentColor;
				CODE_SIGN_STYLE = Automatic;
				CURRENT_PROJECT_VERSION = 1;
				GENERATE_INFOPLIST_FILE = YES;
				INFOPLIST_FILE = TransicaoDeDados/Info.plist;
				INFOPLIST_KEY_UIApplicationSupportsIndirectInputEvents = YES;
				INFOPLIST_KEY_UILaunchStoryboardName = LaunchScreen;
				INFOPLIST_KEY_UIMainStoryboardFile = Main;
				INFOPLIST_KEY_UISupportedInterfaceOrientations_iPad = "UIInterfaceOrientationPortrait UIInterfaceOrientationPortraitUpsideDown UIInterfaceOrientationLandscapeLeft UIInterfaceOrientationLandscapeRight";
				INFOPLIST_KEY_UISupportedInterfaceOrientations_iPhone = "UIInterfaceOrientationPortrait UIInterfaceOrientationLandscapeLeft UIInterfaceOrientationLandscapeRight";
				LD_RUNPATH_SEARCH_PATHS = (
					"$(inherited)",
					"@executable_path/Frameworks",
				);
				MARKETING_VERSION = 1.0;
				PRODUCT_BUNDLE_IDENTIFIER = GabrielMors.TransicaoDeDados;
				PRODUCT_NAME = "$(TARGET_NAME)";
				SWIFT_EMIT_LOC_STRINGS = YES;
				SWIFT_VERSION = 5.0;
				TARGETED_DEVICE_FAMILY = "1,2";
			};
			name = Debug;
		};
		C4DA59E42BAE1E3100495F5E /* Release */ = {
			isa = XCBuildConfiguration;
			buildSettings = {
				ASSETCATALOG_COMPILER_APPICON_NAME = AppIcon;
				ASSETCATALOG_COMPILER_GLOBAL_ACCENT_COLOR_NAME = AccentColor;
				CODE_SIGN_STYLE = Automatic;
				CURRENT_PROJECT_VERSION = 1;
				GENERATE_INFOPLIST_FILE = YES;
				INFOPLIST_FILE = TransicaoDeDados/Info.plist;
				INFOPLIST_KEY_UIApplicationSupportsIndirectInputEvents = YES;
				INFOPLIST_KEY_UILaunchStoryboardName = LaunchScreen;
				INFOPLIST_KEY_UIMainStoryboardFile = Main;
				INFOPLIST_KEY_UISupportedInterfaceOrientations_iPad = "UIInterfaceOrientationPortrait UIInterfaceOrientationPortraitUpsideDown UIInterfaceOrientationLandscapeLeft UIInterfaceOrientationLandscapeRight";
				INFOPLIST_KEY_UISupportedInterfaceOrientations_iPhone = "UIInterfaceOrientationPortrait UIInterfaceOrientationLandscapeLeft UIInterfaceOrientationLandscapeRight";
				LD_RUNPATH_SEARCH_PATHS = (
					"$(inherited)",
					"@executable_path/Frameworks",
				);
				MARKETING_VERSION = 1.0;
				PRODUCT_BUNDLE_IDENTIFIER = GabrielMors.TransicaoDeDados;
				PRODUCT_NAME = "$(TARGET_NAME)";
				SWIFT_EMIT_LOC_STRINGS = YES;
				SWIFT_VERSION = 5.0;
				TARGETED_DEVICE_FAMILY = "1,2";
			};
			name = Release;
		};
/* End XCBuildConfiguration section */

/* Begin XCConfigurationList section */
		C4DA59C92BAE1E2E00495F5E /* Build configuration list for PBXProject "TransicaoDeDados" */ = {
			isa = XCConfigurationList;
			buildConfigurations = (
				C4DA59E02BAE1E3100495F5E /* Debug */,
				C4DA59E12BAE1E3100495F5E /* Release */,
			);
			defaultConfigurationIsVisible = 0;
			defaultConfigurationName = Release;
		};
		C4DA59E22BAE1E3100495F5E /* Build configuration list for PBXNativeTarget "TransicaoDeDados" */ = {
			isa = XCConfigurationList;
			buildConfigurations = (
				C4DA59E32BAE1E3100495F5E /* Debug */,
				C4DA59E42BAE1E3100495F5E /* Release */,
			);
			defaultConfigurationIsVisible = 0;
			defaultConfigurationName = Release;
		};
/* End XCConfigurationList section */
	};
	rootObject = C4DA59C62BAE1E2E00495F5E /* Project object */;
}
