// !$*UTF8*$!
{
	archiveVersion = 1;
	classes = {
	};
	objectVersion = 56;
	objects = {

/* Begin PBXBuildFile section */
		C4926CCF2C22235400D8C036 /* AppDelegate.swift in Sources */ = {isa = PBXBuildFile; fileRef = C4926CCE2C22235400D8C036 /* AppDelegate.swift */; };
		C4926CD12C22235400D8C036 /* SceneDelegate.swift in Sources */ = {isa = PBXBuildFile; fileRef = C4926CD02C22235400D8C036 /* SceneDelegate.swift */; };
		C4926CD32C22235400D8C036 /* ViewController.swift in Sources */ = {isa = PBXBuildFile; fileRef = C4926CD22C22235400D8C036 /* ViewController.swift */; };
		C4926CD62C22235400D8C036 /* Base in Resources */ = {isa = PBXBuildFile; fileRef = C4926CD52C22235400D8C036 /* Base */; };
		C4926CD82C22235600D8C036 /* Assets.xcassets in Resources */ = {isa = PBXBuildFile; fileRef = C4926CD72C22235600D8C036 /* Assets.xcassets */; };
		C4926CDB2C22235600D8C036 /* Base in Resources */ = {isa = PBXBuildFile; fileRef = C4926CDA2C22235600D8C036 /* Base */; };
		C4926CE62C22235600D8C036 /* Testes_UnitariosTests.swift in Sources */ = {isa = PBXBuildFile; fileRef = C4926CE52C22235600D8C036 /* Testes_UnitariosTests.swift */; };
		C4926D3B2C22270200D8C036 /* Utils.swift in Sources */ = {isa = PBXBuildFile; fileRef = C4926D3A2C22270200D8C036 /* Utils.swift */; };
		C4926D3D2C22274900D8C036 /* UtilsTests.swift in Sources */ = {isa = PBXBuildFile; fileRef = C4926D3C2C22274900D8C036 /* UtilsTests.swift */; };
/* End PBXBuildFile section */

/* Begin PBXContainerItemProxy section */
		C4926CE22C22235600D8C036 /* PBXContainerItemProxy */ = {
			isa = PBXContainerItemProxy;
			containerPortal = C4926CC32C22235400D8C036 /* Project object */;
			proxyType = 1;
			remoteGlobalIDString = C4926CCA2C22235400D8C036;
			remoteInfo = "Testes-Unitarios";
		};
/* End PBXContainerItemProxy section */

/* Begin PBXFileReference section */
		C4926CCB2C22235400D8C036 /* Testes-Unitarios.app */ = {isa = PBXFileReference; explicitFileType = wrapper.application; includeInIndex = 0; path = "Testes-Unitarios.app"; sourceTree = BUILT_PRODUCTS_DIR; };
		C4926CCE2C22235400D8C036 /* AppDelegate.swift */ = {isa = PBXFileReference; lastKnownFileType = sourcecode.swift; path = AppDelegate.swift; sourceTree = "<group>"; };
		C4926CD02C22235400D8C036 /* SceneDelegate.swift */ = {isa = PBXFileReference; lastKnownFileType = sourcecode.swift; path = SceneDelegate.swift; sourceTree = "<group>"; };
		C4926CD22C22235400D8C036 /* ViewController.swift */ = {isa = PBXFileReference; lastKnownFileType = sourcecode.swift; path = ViewController.swift; sourceTree = "<group>"; };
		C4926CD52C22235400D8C036 /* Base */ = {isa = PBXFileReference; lastKnownFileType = file.storyboard; name = Base; path = Base.lproj/Main.storyboard; sourceTree = "<group>"; };
		C4926CD72C22235600D8C036 /* Assets.xcassets */ = {isa = PBXFileReference; lastKnownFileType = folder.assetcatalog; path = Assets.xcassets; sourceTree = "<group>"; };
		C4926CDA2C22235600D8C036 /* Base */ = {isa = PBXFileReference; lastKnownFileType = file.storyboard; name = Base; path = Base.lproj/LaunchScreen.storyboard; sourceTree = "<group>"; };
		C4926CDC2C22235600D8C036 /* Info.plist */ = {isa = PBXFileReference; lastKnownFileType = text.plist.xml; path = Info.plist; sourceTree = "<group>"; };
		C4926CE12C22235600D8C036 /* Testes-UnitariosTests.xctest */ = {isa = PBXFileReference; explicitFileType = wrapper.cfbundle; includeInIndex = 0; path = "Testes-UnitariosTests.xctest"; sourceTree = BUILT_PRODUCTS_DIR; };
		C4926CE52C22235600D8C036 /* Testes_UnitariosTests.swift */ = {isa = PBXFileReference; lastKnownFileType = sourcecode.swift; path = Testes_UnitariosTests.swift; sourceTree = "<group>"; };
		C4926D3A2C22270200D8C036 /* Utils.swift */ = {isa = PBXFileReference; lastKnownFileType = sourcecode.swift; path = Utils.swift; sourceTree = "<group>"; };
		C4926D3C2C22274900D8C036 /* UtilsTests.swift */ = {isa = PBXFileReference; lastKnownFileType = sourcecode.swift; path = UtilsTests.swift; sourceTree = "<group>"; };
/* End PBXFileReference section */

/* Begin PBXFrameworksBuildPhase section */
		C4926CC82C22235400D8C036 /* Frameworks */ = {
			isa = PBXFrameworksBuildPhase;
			buildActionMask = 2147483647;
			files = (
			);
			runOnlyForDeploymentPostprocessing = 0;
		};
		C4926CDE2C22235600D8C036 /* Frameworks */ = {
			isa = PBXFrameworksBuildPhase;
			buildActionMask = 2147483647;
			files = (
			);
			runOnlyForDeploymentPostprocessing = 0;
		};
/* End PBXFrameworksBuildPhase section */

/* Begin PBXGroup section */
		C4926CC22C22235400D8C036 = {
			isa = PBXGroup;
			children = (
				C4926CCD2C22235400D8C036 /* Testes-Unitarios */,
				C4926CE42C22235600D8C036 /* Testes-UnitariosTests */,
				C4926CCC2C22235400D8C036 /* Products */,
			);
			sourceTree = "<group>";
		};
		C4926CCC2C22235400D8C036 /* Products */ = {
			isa = PBXGroup;
			children = (
				C4926CCB2C22235400D8C036 /* Testes-Unitarios.app */,
				C4926CE12C22235600D8C036 /* Testes-UnitariosTests.xctest */,
			);
			name = Products;
			sourceTree = "<group>";
		};
		C4926CCD2C22235400D8C036 /* Testes-Unitarios */ = {
			isa = PBXGroup;
			children = (
				C4926CCE2C22235400D8C036 /* AppDelegate.swift */,
				C4926CD02C22235400D8C036 /* SceneDelegate.swift */,
				C4926CD22C22235400D8C036 /* ViewController.swift */,
				C4926CD42C22235400D8C036 /* Main.storyboard */,
				C4926CD72C22235600D8C036 /* Assets.xcassets */,
				C4926CD92C22235600D8C036 /* LaunchScreen.storyboard */,
				C4926CDC2C22235600D8C036 /* Info.plist */,
				C4926D3A2C22270200D8C036 /* Utils.swift */,
			);
			path = "Testes-Unitarios";
			sourceTree = "<group>";
		};
		C4926CE42C22235600D8C036 /* Testes-UnitariosTests */ = {
			isa = PBXGroup;
			children = (
				C4926CE52C22235600D8C036 /* Testes_UnitariosTests.swift */,
				C4926D3C2C22274900D8C036 /* UtilsTests.swift */,
			);
			path = "Testes-UnitariosTests";
			sourceTree = "<group>";
		};
/* End PBXGroup section */

/* Begin PBXNativeTarget section */
		C4926CCA2C22235400D8C036 /* Testes-Unitarios */ = {
			isa = PBXNativeTarget;
			buildConfigurationList = C4926CF52C22235600D8C036 /* Build configuration list for PBXNativeTarget "Testes-Unitarios" */;
			buildPhases = (
				C4926CC72C22235400D8C036 /* Sources */,
				C4926CC82C22235400D8C036 /* Frameworks */,
				C4926CC92C22235400D8C036 /* Resources */,
			);
			buildRules = (
			);
			dependencies = (
			);
			name = "Testes-Unitarios";
			productName = "Testes-Unitarios";
			productReference = C4926CCB2C22235400D8C036 /* Testes-Unitarios.app */;
			productType = "com.apple.product-type.application";
		};
		C4926CE02C22235600D8C036 /* Testes-UnitariosTests */ = {
			isa = PBXNativeTarget;
			buildConfigurationList = C4926CF82C22235600D8C036 /* Build configuration list for PBXNativeTarget "Testes-UnitariosTests" */;
			buildPhases = (
				C4926CDD2C22235600D8C036 /* Sources */,
				C4926CDE2C22235600D8C036 /* Frameworks */,
				C4926CDF2C22235600D8C036 /* Resources */,
			);
			buildRules = (
			);
			dependencies = (
				C4926CE32C22235600D8C036 /* PBXTargetDependency */,
			);
			name = "Testes-UnitariosTests";
			productName = "Testes-UnitariosTests";
			productReference = C4926CE12C22235600D8C036 /* Testes-UnitariosTests.xctest */;
			productType = "com.apple.product-type.bundle.unit-test";
		};
/* End PBXNativeTarget section */

/* Begin PBXProject section */
		C4926CC32C22235400D8C036 /* Project object */ = {
			isa = PBXProject;
			attributes = {
				BuildIndependentTargetsInParallel = 1;
				LastSwiftUpdateCheck = 1540;
				LastUpgradeCheck = 1540;
				TargetAttributes = {
					C4926CCA2C22235400D8C036 = {
						CreatedOnToolsVersion = 15.4;
					};
					C4926CE02C22235600D8C036 = {
						CreatedOnToolsVersion = 15.4;
						TestTargetID = C4926CCA2C22235400D8C036;
					};
				};
			};
			buildConfigurationList = C4926CC62C22235400D8C036 /* Build configuration list for PBXProject "Testes-Unitarios" */;
			compatibilityVersion = "Xcode 14.0";
			developmentRegion = en;
			hasScannedForEncodings = 0;
			knownRegions = (
				en,
				Base,
			);
			mainGroup = C4926CC22C22235400D8C036;
			productRefGroup = C4926CCC2C22235400D8C036 /* Products */;
			projectDirPath = "";
			projectRoot = "";
			targets = (
				C4926CCA2C22235400D8C036 /* Testes-Unitarios */,
				C4926CE02C22235600D8C036 /* Testes-UnitariosTests */,
			);
		};
/* End PBXProject section */

/* Begin PBXResourcesBuildPhase section */
		C4926CC92C22235400D8C036 /* Resources */ = {
			isa = PBXResourcesBuildPhase;
			buildActionMask = 2147483647;
			files = (
				C4926CD82C22235600D8C036 /* Assets.xcassets in Resources */,
				C4926CDB2C22235600D8C036 /* Base in Resources */,
				C4926CD62C22235400D8C036 /* Base in Resources */,
			);
			runOnlyForDeploymentPostprocessing = 0;
		};
		C4926CDF2C22235600D8C036 /* Resources */ = {
			isa = PBXResourcesBuildPhase;
			buildActionMask = 2147483647;
			files = (
			);
			runOnlyForDeploymentPostprocessing = 0;
		};
/* End PBXResourcesBuildPhase section */

/* Begin PBXSourcesBuildPhase section */
		C4926CC72C22235400D8C036 /* Sources */ = {
			isa = PBXSourcesBuildPhase;
			buildActionMask = 2147483647;
			files = (
				C4926CD32C22235400D8C036 /* ViewController.swift in Sources */,
				C4926CCF2C22235400D8C036 /* AppDelegate.swift in Sources */,
				C4926CD12C22235400D8C036 /* SceneDelegate.swift in Sources */,
				C4926D3B2C22270200D8C036 /* Utils.swift in Sources */,
			);
			runOnlyForDeploymentPostprocessing = 0;
		};
		C4926CDD2C22235600D8C036 /* Sources */ = {
			isa = PBXSourcesBuildPhase;
			buildActionMask = 2147483647;
			files = (
				C4926CE62C22235600D8C036 /* Testes_UnitariosTests.swift in Sources */,
				C4926D3D2C22274900D8C036 /* UtilsTests.swift in Sources */,
			);
			runOnlyForDeploymentPostprocessing = 0;
		};
/* End PBXSourcesBuildPhase section */

/* Begin PBXTargetDependency section */
		C4926CE32C22235600D8C036 /* PBXTargetDependency */ = {
			isa = PBXTargetDependency;
			target = C4926CCA2C22235400D8C036 /* Testes-Unitarios */;
			targetProxy = C4926CE22C22235600D8C036 /* PBXContainerItemProxy */;
		};
/* End PBXTargetDependency section */

/* Begin PBXVariantGroup section */
		C4926CD42C22235400D8C036 /* Main.storyboard */ = {
			isa = PBXVariantGroup;
			children = (
				C4926CD52C22235400D8C036 /* Base */,
			);
			name = Main.storyboard;
			sourceTree = "<group>";
		};
		C4926CD92C22235600D8C036 /* LaunchScreen.storyboard */ = {
			isa = PBXVariantGroup;
			children = (
				C4926CDA2C22235600D8C036 /* Base */,
			);
			name = LaunchScreen.storyboard;
			sourceTree = "<group>";
		};
/* End PBXVariantGroup section */

/* Begin XCBuildConfiguration section */
		C4926CF32C22235600D8C036 /* Debug */ = {
			isa = XCBuildConfiguration;
			buildSettings = {
				ALWAYS_SEARCH_USER_PATHS = NO;
				ASSETCATALOG_COMPILER_GENERATE_SWIFT_ASSET_SYMBOL_EXTENSIONS = YES;
				CLANG_ANALYZER_NONNULL = YES;
				CLANG_ANALYZER_NUMBER_OBJECT_CONVERSION = YES_AGGRESSIVE;
				CLANG_CXX_LANGUAGE_STANDARD = "gnu++20";
				CLANG_ENABLE_MODULES = YES;
				CLANG_ENABLE_OBJC_ARC = YES;
				CLANG_ENABLE_OBJC_WEAK = YES;
				CLANG_WARN_BLOCK_CAPTURE_AUTORELEASING = YES;
				CLANG_WARN_BOOL_CONVERSION = YES;
				CLANG_WARN_COMMA = YES;
				CLANG_WARN_CONSTANT_CONVERSION = YES;
				CLANG_WARN_DEPRECATED_OBJC_IMPLEMENTATIONS = YES;
				CLANG_WARN_DIRECT_OBJC_ISA_USAGE = YES_ERROR;
				CLANG_WARN_DOCUMENTATION_COMMENTS = YES;
				CLANG_WARN_EMPTY_BODY = YES;
				CLANG_WARN_ENUM_CONVERSION = YES;
				CLANG_WARN_INFINITE_RECURSION = YES;
				CLANG_WARN_INT_CONVERSION = YES;
				CLANG_WARN_NON_LITERAL_NULL_CONVERSION = YES;
				CLANG_WARN_OBJC_IMPLICIT_RETAIN_SELF = YES;
				CLANG_WARN_OBJC_LITERAL_CONVERSION = YES;
				CLANG_WARN_OBJC_ROOT_CLASS = YES_ERROR;
				CLANG_WARN_QUOTED_INCLUDE_IN_FRAMEWORK_HEADER = YES;
				CLANG_WARN_RANGE_LOOP_ANALYSIS = YES;
				CLANG_WARN_STRICT_PROTOTYPES = YES;
				CLANG_WARN_SUSPICIOUS_MOVE = YES;
				CLANG_WARN_UNGUARDED_AVAILABILITY = YES_AGGRESSIVE;
				CLANG_WARN_UNREACHABLE_CODE = YES;
				CLANG_WARN__DUPLICATE_METHOD_MATCH = YES;
				COPY_PHASE_STRIP = NO;
				DEBUG_INFORMATION_FORMAT = dwarf;
				ENABLE_STRICT_OBJC_MSGSEND = YES;
				ENABLE_TESTABILITY = YES;
				ENABLE_USER_SCRIPT_SANDBOXING = YES;
				GCC_C_LANGUAGE_STANDARD = gnu17;
				GCC_DYNAMIC_NO_PIC = NO;
				GCC_NO_COMMON_BLOCKS = YES;
				GCC_OPTIMIZATION_LEVEL = 0;
				GCC_PREPROCESSOR_DEFINITIONS = (
					"DEBUG=1",
					"$(inherited)",
				);
				GCC_WARN_64_TO_32_BIT_CONVERSION = YES;
				GCC_WARN_ABOUT_RETURN_TYPE = YES_ERROR;
				GCC_WARN_UNDECLARED_SELECTOR = YES;
				GCC_WARN_UNINITIALIZED_AUTOS = YES_AGGRESSIVE;
				GCC_WARN_UNUSED_FUNCTION = YES;
				GCC_WARN_UNUSED_VARIABLE = YES;
				IPHONEOS_DEPLOYMENT_TARGET = 17.5;
				LOCALIZATION_PREFERS_STRING_CATALOGS = YES;
				MTL_ENABLE_DEBUG_INFO = INCLUDE_SOURCE;
				MTL_FAST_MATH = YES;
				ONLY_ACTIVE_ARCH = YES;
				SDKROOT = iphoneos;
				SWIFT_ACTIVE_COMPILATION_CONDITIONS = "DEBUG $(inherited)";
				SWIFT_OPTIMIZATION_LEVEL = "-Onone";
			};
			name = Debug;
		};
		C4926CF42C22235600D8C036 /* Release */ = {
			isa = XCBuildConfiguration;
			buildSettings = {
				ALWAYS_SEARCH_USER_PATHS = NO;
				ASSETCATALOG_COMPILER_GENERATE_SWIFT_ASSET_SYMBOL_EXTENSIONS = YES;
				CLANG_ANALYZER_NONNULL = YES;
				CLANG_ANALYZER_NUMBER_OBJECT_CONVERSION = YES_AGGRESSIVE;
				CLANG_CXX_LANGUAGE_STANDARD = "gnu++20";
				CLANG_ENABLE_MODULES = YES;
				CLANG_ENABLE_OBJC_ARC = YES;
				CLANG_ENABLE_OBJC_WEAK = YES;
				CLANG_WARN_BLOCK_CAPTURE_AUTORELEASING = YES;
				CLANG_WARN_BOOL_CONVERSION = YES;
				CLANG_WARN_COMMA = YES;
				CLANG_WARN_CONSTANT_CONVERSION = YES;
				CLANG_WARN_DEPRECATED_OBJC_IMPLEMENTATIONS = YES;
				CLANG_WARN_DIRECT_OBJC_ISA_USAGE = YES_ERROR;
				CLANG_WARN_DOCUMENTATION_COMMENTS = YES;
				CLANG_WARN_EMPTY_BODY = YES;
				CLANG_WARN_ENUM_CONVERSION = YES;
				CLANG_WARN_INFINITE_RECURSION = YES;
				CLANG_WARN_INT_CONVERSION = YES;
				CLANG_WARN_NON_LITERAL_NULL_CONVERSION = YES;
				CLANG_WARN_OBJC_IMPLICIT_RETAIN_SELF = YES;
				CLANG_WARN_OBJC_LITERAL_CONVERSION = YES;
				CLANG_WARN_OBJC_ROOT_CLASS = YES_ERROR;
				CLANG_WARN_QUOTED_INCLUDE_IN_FRAMEWORK_HEADER = YES;
				CLANG_WARN_RANGE_LOOP_ANALYSIS = YES;
				CLANG_WARN_STRICT_PROTOTYPES = YES;
				CLANG_WARN_SUSPICIOUS_MOVE = YES;
				CLANG_WARN_UNGUARDED_AVAILABILITY = YES_AGGRESSIVE;
				CLANG_WARN_UNREACHABLE_CODE = YES;
				CLANG_WARN__DUPLICATE_METHOD_MATCH = YES;
				COPY_PHASE_STRIP = NO;
				DEBUG_INFORMATION_FORMAT = "dwarf-with-dsym";
				ENABLE_NS_ASSERTIONS = NO;
				ENABLE_STRICT_OBJC_MSGSEND = YES;
				ENABLE_USER_SCRIPT_SANDBOXING = YES;
				GCC_C_LANGUAGE_STANDARD = gnu17;
				GCC_NO_COMMON_BLOCKS = YES;
				GCC_WARN_64_TO_32_BIT_CONVERSION = YES;
				GCC_WARN_ABOUT_RETURN_TYPE = YES_ERROR;
				GCC_WARN_UNDECLARED_SELECTOR = YES;
				GCC_WARN_UNINITIALIZED_AUTOS = YES_AGGRESSIVE;
				GCC_WARN_UNUSED_FUNCTION = YES;
				GCC_WARN_UNUSED_VARIABLE = YES;
				IPHONEOS_DEPLOYMENT_TARGET = 17.5;
				LOCALIZATION_PREFERS_STRING_CATALOGS = YES;
				MTL_ENABLE_DEBUG_INFO = NO;
				MTL_FAST_MATH = YES;
				SDKROOT = iphoneos;
				SWIFT_COMPILATION_MODE = wholemodule;
				VALIDATE_PRODUCT = YES;
			};
			name = Release;
		};
		C4926CF62C22235600D8C036 /* Debug */ = {
			isa = XCBuildConfiguration;
			buildSettings = {
				ASSETCATALOG_COMPILER_APPICON_NAME = AppIcon;
				ASSETCATALOG_COMPILER_GLOBAL_ACCENT_COLOR_NAME = AccentColor;
				CODE_SIGN_STYLE = Automatic;
				CURRENT_PROJECT_VERSION = 1;
				GENERATE_INFOPLIST_FILE = YES;
				INFOPLIST_FILE = "Testes-Unitarios/Info.plist";
				INFOPLIST_KEY_UIApplicationSupportsIndirectInputEvents = YES;
				INFOPLIST_KEY_UILaunchStoryboardName = LaunchScreen;
				INFOPLIST_KEY_UIMainStoryboardFile = Main;
				INFOPLIST_KEY_UISupportedInterfaceOrientations_iPad = "UIInterfaceOrientationPortrait UIInterfaceOrientationPortraitUpsideDown UIInterfaceOrientationLandscapeLeft UIInterfaceOrientationLandscapeRight";
				INFOPLIST_KEY_UISupportedInterfaceOrientations_iPhone = "UIInterfaceOrientationPortrait UIInterfaceOrientationLandscapeLeft UIInterfaceOrientationLandscapeRight";
				LD_RUNPATH_SEARCH_PATHS = (
					"$(inherited)",
					"@executable_path/Frameworks",
				);
				MARKETING_VERSION = 1.0;
				PRODUCT_BUNDLE_IDENTIFIER = "GabrielMors.Testes-Unitarios";
				PRODUCT_NAME = "$(TARGET_NAME)";
				SWIFT_EMIT_LOC_STRINGS = YES;
				SWIFT_VERSION = 5.0;
				TARGETED_DEVICE_FAMILY = "1,2";
			};
			name = Debug;
		};
		C4926CF72C22235600D8C036 /* Release */ = {
			isa = XCBuildConfiguration;
			buildSettings = {
				ASSETCATALOG_COMPILER_APPICON_NAME = AppIcon;
				ASSETCATALOG_COMPILER_GLOBAL_ACCENT_COLOR_NAME = AccentColor;
				CODE_SIGN_STYLE = Automatic;
				CURRENT_PROJECT_VERSION = 1;
				GENERATE_INFOPLIST_FILE = YES;
				INFOPLIST_FILE = "Testes-Unitarios/Info.plist";
				INFOPLIST_KEY_UIApplicationSupportsIndirectInputEvents = YES;
				INFOPLIST_KEY_UILaunchStoryboardName = LaunchScreen;
				INFOPLIST_KEY_UIMainStoryboardFile = Main;
				INFOPLIST_KEY_UISupportedInterfaceOrientations_iPad = "UIInterfaceOrientationPortrait UIInterfaceOrientationPortraitUpsideDown UIInterfaceOrientationLandscapeLeft UIInterfaceOrientationLandscapeRight";
				INFOPLIST_KEY_UISupportedInterfaceOrientations_iPhone = "UIInterfaceOrientationPortrait UIInterfaceOrientationLandscapeLeft UIInterfaceOrientationLandscapeRight";
				LD_RUNPATH_SEARCH_PATHS = (
					"$(inherited)",
					"@executable_path/Frameworks",
				);
				MARKETING_VERSION = 1.0;
				PRODUCT_BUNDLE_IDENTIFIER = "GabrielMors.Testes-Unitarios";
				PRODUCT_NAME = "$(TARGET_NAME)";
				SWIFT_EMIT_LOC_STRINGS = YES;
				SWIFT_VERSION = 5.0;
				TARGETED_DEVICE_FAMILY = "1,2";
			};
			name = Release;
		};
		C4926CF92C22235600D8C036 /* Debug */ = {
			isa = XCBuildConfiguration;
			buildSettings = {
				ALWAYS_EMBED_SWIFT_STANDARD_LIBRARIES = YES;
				BUNDLE_LOADER = "$(TEST_HOST)";
				CODE_SIGN_STYLE = Automatic;
				CURRENT_PROJECT_VERSION = 1;
				GENERATE_INFOPLIST_FILE = YES;
				IPHONEOS_DEPLOYMENT_TARGET = 17.5;
				MARKETING_VERSION = 1.0;
				PRODUCT_BUNDLE_IDENTIFIER = "GabrielMors.Testes-UnitariosTests";
				PRODUCT_NAME = "$(TARGET_NAME)";
				SWIFT_EMIT_LOC_STRINGS = NO;
				SWIFT_VERSION = 5.0;
				TARGETED_DEVICE_FAMILY = "1,2";
				TEST_HOST = "$(BUILT_PRODUCTS_DIR)/Testes-Unitarios.app/$(BUNDLE_EXECUTABLE_FOLDER_PATH)/Testes-Unitarios";
			};
			name = Debug;
		};
		C4926CFA2C22235600D8C036 /* Release */ = {
			isa = XCBuildConfiguration;
			buildSettings = {
				ALWAYS_EMBED_SWIFT_STANDARD_LIBRARIES = YES;
				BUNDLE_LOADER = "$(TEST_HOST)";
				CODE_SIGN_STYLE = Automatic;
				CURRENT_PROJECT_VERSION = 1;
				GENERATE_INFOPLIST_FILE = YES;
				IPHONEOS_DEPLOYMENT_TARGET = 17.5;
				MARKETING_VERSION = 1.0;
				PRODUCT_BUNDLE_IDENTIFIER = "GabrielMors.Testes-UnitariosTests";
				PRODUCT_NAME = "$(TARGET_NAME)";
				SWIFT_EMIT_LOC_STRINGS = NO;
				SWIFT_VERSION = 5.0;
				TARGETED_DEVICE_FAMILY = "1,2";
				TEST_HOST = "$(BUILT_PRODUCTS_DIR)/Testes-Unitarios.app/$(BUNDLE_EXECUTABLE_FOLDER_PATH)/Testes-Unitarios";
			};
			name = Release;
		};
/* End XCBuildConfiguration section */

/* Begin XCConfigurationList section */
		C4926CC62C22235400D8C036 /* Build configuration list for PBXProject "Testes-Unitarios" */ = {
			isa = XCConfigurationList;
			buildConfigurations = (
				C4926CF32C22235600D8C036 /* Debug */,
				C4926CF42C22235600D8C036 /* Release */,
			);
			defaultConfigurationIsVisible = 0;
			defaultConfigurationName = Release;
		};
		C4926CF52C22235600D8C036 /* Build configuration list for PBXNativeTarget "Testes-Unitarios" */ = {
			isa = XCConfigurationList;
			buildConfigurations = (
				C4926CF62C22235600D8C036 /* Debug */,
				C4926CF72C22235600D8C036 /* Release */,
			);
			defaultConfigurationIsVisible = 0;
			defaultConfigurationName = Release;
		};
		C4926CF82C22235600D8C036 /* Build configuration list for PBXNativeTarget "Testes-UnitariosTests" */ = {
			isa = XCConfigurationList;
			buildConfigurations = (
				C4926CF92C22235600D8C036 /* Debug */,
				C4926CFA2C22235600D8C036 /* Release */,
			);
			defaultConfigurationIsVisible = 0;
			defaultConfigurationName = Release;
		};
/* End XCConfigurationList section */
	};
	rootObject = C4926CC32C22235400D8C036 /* Project object */;
}
