// !$*UTF8*$!
{
	archiveVersion = 1;
	classes = {
	};
	objectVersion = 56;
	objects = {

/* Begin PBXBuildFile section */
		C43793E92BE404CB000C855E /* AppDelegate.swift in Sources */ = {isa = PBXBuildFile; fileRef = C43793E82BE404CB000C855E /* AppDelegate.swift */; };
		C43793EB2BE404CB000C855E /* SceneDelegate.swift in Sources */ = {isa = PBXBuildFile; fileRef = C43793EA2BE404CB000C855E /* SceneDelegate.swift */; };
		C43793ED2BE404CB000C855E /* ViewController.swift in Sources */ = {isa = PBXBuildFile; fileRef = C43793EC2BE404CB000C855E /* ViewController.swift */; };
		C43793F02BE404CB000C855E /* Base in Resources */ = {isa = PBXBuildFile; fileRef = C43793EF2BE404CB000C855E /* Base */; };
		C43793F22BE404CE000C855E /* Assets.xcassets in Resources */ = {isa = PBXBuildFile; fileRef = C43793F12BE404CE000C855E /* Assets.xcassets */; };
		C43793F52BE404CE000C855E /* Base in Resources */ = {isa = PBXBuildFile; fileRef = C43793F42BE404CE000C855E /* Base */; };
		C43793FD2BE40583000C855E /* GoogleService-Info.plist in Resources */ = {isa = PBXBuildFile; fileRef = C43793FC2BE40583000C855E /* GoogleService-Info.plist */; };
		FEC8A9C79A59F6254C00521E /* Pods_Exemplo_firebase.framework in Frameworks */ = {isa = PBXBuildFile; fileRef = 5CFC49BF592E868766FFBD34 /* Pods_Exemplo_firebase.framework */; };
/* End PBXBuildFile section */

/* Begin PBXFileReference section */
		235F1D3A0015D801A9560025 /* Pods-Exemplo-firebase.debug.xcconfig */ = {isa = PBXFileReference; includeInIndex = 1; lastKnownFileType = text.xcconfig; name = "Pods-Exemplo-firebase.debug.xcconfig"; path = "Target Support Files/Pods-Exemplo-firebase/Pods-Exemplo-firebase.debug.xcconfig"; sourceTree = "<group>"; };
		5CFC49BF592E868766FFBD34 /* Pods_Exemplo_firebase.framework */ = {isa = PBXFileReference; explicitFileType = wrapper.framework; includeInIndex = 0; path = Pods_Exemplo_firebase.framework; sourceTree = BUILT_PRODUCTS_DIR; };
		C43793E52BE404CB000C855E /* Exemplo-firebase.app */ = {isa = PBXFileReference; explicitFileType = wrapper.application; includeInIndex = 0; path = "Exemplo-firebase.app"; sourceTree = BUILT_PRODUCTS_DIR; };
		C43793E82BE404CB000C855E /* AppDelegate.swift */ = {isa = PBXFileReference; lastKnownFileType = sourcecode.swift; path = AppDelegate.swift; sourceTree = "<group>"; };
		C43793EA2BE404CB000C855E /* SceneDelegate.swift */ = {isa = PBXFileReference; lastKnownFileType = sourcecode.swift; path = SceneDelegate.swift; sourceTree = "<group>"; };
		C43793EC2BE404CB000C855E /* ViewController.swift */ = {isa = PBXFileReference; lastKnownFileType = sourcecode.swift; path = ViewController.swift; sourceTree = "<group>"; };
		C43793EF2BE404CB000C855E /* Base */ = {isa = PBXFileReference; lastKnownFileType = file.storyboard; name = Base; path = Base.lproj/Main.storyboard; sourceTree = "<group>"; };
		C43793F12BE404CE000C855E /* Assets.xcassets */ = {isa = PBXFileReference; lastKnownFileType = folder.assetcatalog; path = Assets.xcassets; sourceTree = "<group>"; };
		C43793F42BE404CE000C855E /* Base */ = {isa = PBXFileReference; lastKnownFileType = file.storyboard; name = Base; path = Base.lproj/LaunchScreen.storyboard; sourceTree = "<group>"; };
		C43793F62BE404CE000C855E /* Info.plist */ = {isa = PBXFileReference; lastKnownFileType = text.plist.xml; path = Info.plist; sourceTree = "<group>"; };
		C43793FC2BE40583000C855E /* GoogleService-Info.plist */ = {isa = PBXFileReference; fileEncoding = 4; lastKnownFileType = text.plist.xml; path = "GoogleService-Info.plist"; sourceTree = "<group>"; };
		FE0EB3A5BBB4BDAE1C6B2BFA /* Pods-Exemplo-firebase.release.xcconfig */ = {isa = PBXFileReference; includeInIndex = 1; lastKnownFileType = text.xcconfig; name = "Pods-Exemplo-firebase.release.xcconfig"; path = "Target Support Files/Pods-Exemplo-firebase/Pods-Exemplo-firebase.release.xcconfig"; sourceTree = "<group>"; };
/* End PBXFileReference section */

/* Begin PBXFrameworksBuildPhase section */
		C43793E22BE404CB000C855E /* Frameworks */ = {
			isa = PBXFrameworksBuildPhase;
			buildActionMask = 2147483647;
			files = (
				FEC8A9C79A59F6254C00521E /* Pods_Exemplo_firebase.framework in Frameworks */,
			);
			runOnlyForDeploymentPostprocessing = 0;
		};
/* End PBXFrameworksBuildPhase section */

/* Begin PBXGroup section */
		4C42B6B40102BCE097AF4EE7 /* Frameworks */ = {
			isa = PBXGroup;
			children = (
				5CFC49BF592E868766FFBD34 /* Pods_Exemplo_firebase.framework */,
			);
			name = Frameworks;
			sourceTree = "<group>";
		};
		C43793DC2BE404CB000C855E = {
			isa = PBXGroup;
			children = (
				C43793E72BE404CB000C855E /* Exemplo-firebase */,
				C43793E62BE404CB000C855E /* Products */,
				CB5177A2A72F3BB4C1608326 /* Pods */,
				4C42B6B40102BCE097AF4EE7 /* Frameworks */,
			);
			sourceTree = "<group>";
		};
		C43793E62BE404CB000C855E /* Products */ = {
			isa = PBXGroup;
			children = (
				C43793E52BE404CB000C855E /* Exemplo-firebase.app */,
			);
			name = Products;
			sourceTree = "<group>";
		};
		C43793E72BE404CB000C855E /* Exemplo-firebase */ = {
			isa = PBXGroup;
			children = (
				C43793E82BE404CB000C855E /* AppDelegate.swift */,
				C43793EA2BE404CB000C855E /* SceneDelegate.swift */,
				C43793EC2BE404CB000C855E /* ViewController.swift */,
				C43793EE2BE404CB000C855E /* Main.storyboard */,
				C43793F12BE404CE000C855E /* Assets.xcassets */,
				C43793F32BE404CE000C855E /* LaunchScreen.storyboard */,
				C43793F62BE404CE000C855E /* Info.plist */,
				C43793FC2BE40583000C855E /* GoogleService-Info.plist */,
			);
			path = "Exemplo-firebase";
			sourceTree = "<group>";
		};
		CB5177A2A72F3BB4C1608326 /* Pods */ = {
			isa = PBXGroup;
			children = (
				235F1D3A0015D801A9560025 /* Pods-Exemplo-firebase.debug.xcconfig */,
				FE0EB3A5BBB4BDAE1C6B2BFA /* Pods-Exemplo-firebase.release.xcconfig */,
			);
			name = Pods;
			path = Pods;
			sourceTree = "<group>";
		};
/* End PBXGroup section */

/* Begin PBXNativeTarget section */
		C43793E42BE404CB000C855E /* Exemplo-firebase */ = {
			isa = PBXNativeTarget;
			buildConfigurationList = C43793F92BE404CE000C855E /* Build configuration list for PBXNativeTarget "Exemplo-firebase" */;
			buildPhases = (
				BF30A4857475691750EBFD64 /* [CP] Check Pods Manifest.lock */,
				C43793E12BE404CB000C855E /* Sources */,
				C43793E22BE404CB000C855E /* Frameworks */,
				C43793E32BE404CB000C855E /* Resources */,
				A86D229A6F6895FFFE060E2D /* [CP] Embed Pods Frameworks */,
			);
			buildRules = (
			);
			dependencies = (
			);
			name = "Exemplo-firebase";
			productName = "Exemplo-firebase";
			productReference = C43793E52BE404CB000C855E /* Exemplo-firebase.app */;
			productType = "com.apple.product-type.application";
		};
/* End PBXNativeTarget section */

/* Begin PBXProject section */
		C43793DD2BE404CB000C855E /* Project object */ = {
			isa = PBXProject;
			attributes = {
				BuildIndependentTargetsInParallel = 1;
				LastSwiftUpdateCheck = 1530;
				LastUpgradeCheck = 1530;
				TargetAttributes = {
					C43793E42BE404CB000C855E = {
						CreatedOnToolsVersion = 15.3;
					};
				};
			};
			buildConfigurationList = C43793E02BE404CB000C855E /* Build configuration list for PBXProject "Exemplo-firebase" */;
			compatibilityVersion = "Xcode 14.0";
			developmentRegion = en;
			hasScannedForEncodings = 0;
			knownRegions = (
				en,
				Base,
			);
			mainGroup = C43793DC2BE404CB000C855E;
			productRefGroup = C43793E62BE404CB000C855E /* Products */;
			projectDirPath = "";
			projectRoot = "";
			targets = (
				C43793E42BE404CB000C855E /* Exemplo-firebase */,
			);
		};
/* End PBXProject section */

/* Begin PBXResourcesBuildPhase section */
		C43793E32BE404CB000C855E /* Resources */ = {
			isa = PBXResourcesBuildPhase;
			buildActionMask = 2147483647;
			files = (
				C43793F22BE404CE000C855E /* Assets.xcassets in Resources */,
				C43793FD2BE40583000C855E /* GoogleService-Info.plist in Resources */,
				C43793F52BE404CE000C855E /* Base in Resources */,
				C43793F02BE404CB000C855E /* Base in Resources */,
			);
			runOnlyForDeploymentPostprocessing = 0;
		};
/* End PBXResourcesBuildPhase section */

/* Begin PBXShellScriptBuildPhase section */
		A86D229A6F6895FFFE060E2D /* [CP] Embed Pods Frameworks */ = {
			isa = PBXShellScriptBuildPhase;
			buildActionMask = 2147483647;
			files = (
			);
			inputFileListPaths = (
				"${PODS_ROOT}/Target Support Files/Pods-Exemplo-firebase/Pods-Exemplo-firebase-frameworks-${CONFIGURATION}-input-files.xcfilelist",
			);
			name = "[CP] Embed Pods Frameworks";
			outputFileListPaths = (
				"${PODS_ROOT}/Target Support Files/Pods-Exemplo-firebase/Pods-Exemplo-firebase-frameworks-${CONFIGURATION}-output-files.xcfilelist",
			);
			runOnlyForDeploymentPostprocessing = 0;
			shellPath = /bin/sh;
			shellScript = "\"${PODS_ROOT}/Target Support Files/Pods-Exemplo-firebase/Pods-Exemplo-firebase-frameworks.sh\"\n";
			showEnvVarsInLog = 0;
		};
		BF30A4857475691750EBFD64 /* [CP] Check Pods Manifest.lock */ = {
			isa = PBXShellScriptBuildPhase;
			buildActionMask = 2147483647;
			files = (
			);
			inputFileListPaths = (
			);
			inputPaths = (
				"${PODS_PODFILE_DIR_PATH}/Podfile.lock",
				"${PODS_ROOT}/Manifest.lock",
			);
			name = "[CP] Check Pods Manifest.lock";
			outputFileListPaths = (
			);
			outputPaths = (
				"$(DERIVED_FILE_DIR)/Pods-Exemplo-firebase-checkManifestLockResult.txt",
			);
			runOnlyForDeploymentPostprocessing = 0;
			shellPath = /bin/sh;
			shellScript = "diff \"${PODS_PODFILE_DIR_PATH}/Podfile.lock\" \"${PODS_ROOT}/Manifest.lock\" > /dev/null\nif [ $? != 0 ] ; then\n    # print error to STDERR\n    echo \"error: The sandbox is not in sync with the Podfile.lock. Run 'pod install' or update your CocoaPods installation.\" >&2\n    exit 1\nfi\n# This output is used by Xcode 'outputs' to avoid re-running this script phase.\necho \"SUCCESS\" > \"${SCRIPT_OUTPUT_FILE_0}\"\n";
			showEnvVarsInLog = 0;
		};
/* End PBXShellScriptBuildPhase section */

/* Begin PBXSourcesBuildPhase section */
		C43793E12BE404CB000C855E /* Sources */ = {
			isa = PBXSourcesBuildPhase;
			buildActionMask = 2147483647;
			files = (
				C43793ED2BE404CB000C855E /* ViewController.swift in Sources */,
				C43793E92BE404CB000C855E /* AppDelegate.swift in Sources */,
				C43793EB2BE404CB000C855E /* SceneDelegate.swift in Sources */,
			);
			runOnlyForDeploymentPostprocessing = 0;
		};
/* End PBXSourcesBuildPhase section */

/* Begin PBXVariantGroup section */
		C43793EE2BE404CB000C855E /* Main.storyboard */ = {
			isa = PBXVariantGroup;
			children = (
				C43793EF2BE404CB000C855E /* Base */,
			);
			name = Main.storyboard;
			sourceTree = "<group>";
		};
		C43793F32BE404CE000C855E /* LaunchScreen.storyboard */ = {
			isa = PBXVariantGroup;
			children = (
				C43793F42BE404CE000C855E /* Base */,
			);
			name = LaunchScreen.storyboard;
			sourceTree = "<group>";
		};
/* End PBXVariantGroup section */

/* Begin XCBuildConfiguration section */
		C43793F72BE404CE000C855E /* Debug */ = {
			isa = XCBuildConfiguration;
			buildSettings = {
				ALWAYS_SEARCH_USER_PATHS = NO;
				ASSETCATALOG_COMPILER_GENERATE_SWIFT_ASSET_SYMBOL_EXTENSIONS = YES;
				CLANG_ANALYZER_NONNULL = YES;
				CLANG_ANALYZER_NUMBER_OBJECT_CONVERSION = YES_AGGRESSIVE;
				CLANG_CXX_LANGUAGE_STANDARD = "gnu++20";
				CLANG_ENABLE_MODULES = YES;
				CLANG_ENABLE_OBJC_ARC = YES;
				CLANG_ENABLE_OBJC_WEAK = YES;
				CLANG_WARN_BLOCK_CAPTURE_AUTORELEASING = YES;
				CLANG_WARN_BOOL_CONVERSION = YES;
				CLANG_WARN_COMMA = YES;
				CLANG_WARN_CONSTANT_CONVERSION = YES;
				CLANG_WARN_DEPRECATED_OBJC_IMPLEMENTATIONS = YES;
				CLANG_WARN_DIRECT_OBJC_ISA_USAGE = YES_ERROR;
				CLANG_WARN_DOCUMENTATION_COMMENTS = YES;
				CLANG_WARN_EMPTY_BODY = YES;
				CLANG_WARN_ENUM_CONVERSION = YES;
				CLANG_WARN_INFINITE_RECURSION = YES;
				CLANG_WARN_INT_CONVERSION = YES;
				CLANG_WARN_NON_LITERAL_NULL_CONVERSION = YES;
				CLANG_WARN_OBJC_IMPLICIT_RETAIN_SELF = YES;
				CLANG_WARN_OBJC_LITERAL_CONVERSION = YES;
				CLANG_WARN_OBJC_ROOT_CLASS = YES_ERROR;
				CLANG_WARN_QUOTED_INCLUDE_IN_FRAMEWORK_HEADER = YES;
				CLANG_WARN_RANGE_LOOP_ANALYSIS = YES;
				CLANG_WARN_STRICT_PROTOTYPES = YES;
				CLANG_WARN_SUSPICIOUS_MOVE = YES;
				CLANG_WARN_UNGUARDED_AVAILABILITY = YES_AGGRESSIVE;
				CLANG_WARN_UNREACHABLE_CODE = YES;
				CLANG_WARN__DUPLICATE_METHOD_MATCH = YES;
				COPY_PHASE_STRIP = NO;
				DEBUG_INFORMATION_FORMAT = dwarf;
				ENABLE_STRICT_OBJC_MSGSEND = YES;
				ENABLE_TESTABILITY = YES;
				ENABLE_USER_SCRIPT_SANDBOXING = YES;
				GCC_C_LANGUAGE_STANDARD = gnu17;
				GCC_DYNAMIC_NO_PIC = NO;
				GCC_NO_COMMON_BLOCKS = YES;
				GCC_OPTIMIZATION_LEVEL = 0;
				GCC_PREPROCESSOR_DEFINITIONS = (
					"DEBUG=1",
					"$(inherited)",
				);
				GCC_WARN_64_TO_32_BIT_CONVERSION = YES;
				GCC_WARN_ABOUT_RETURN_TYPE = YES_ERROR;
				GCC_WARN_UNDECLARED_SELECTOR = YES;
				GCC_WARN_UNINITIALIZED_AUTOS = YES_AGGRESSIVE;
				GCC_WARN_UNUSED_FUNCTION = YES;
				GCC_WARN_UNUSED_VARIABLE = YES;
				IPHONEOS_DEPLOYMENT_TARGET = 17.4;
				LOCALIZATION_PREFERS_STRING_CATALOGS = YES;
				MTL_ENABLE_DEBUG_INFO = INCLUDE_SOURCE;
				MTL_FAST_MATH = YES;
				ONLY_ACTIVE_ARCH = YES;
				SDKROOT = iphoneos;
				SWIFT_ACTIVE_COMPILATION_CONDITIONS = "DEBUG $(inherited)";
				SWIFT_OPTIMIZATION_LEVEL = "-Onone";
			};
			name = Debug;
		};
		C43793F82BE404CE000C855E /* Release */ = {
			isa = XCBuildConfiguration;
			buildSettings = {
				ALWAYS_SEARCH_USER_PATHS = NO;
				ASSETCATALOG_COMPILER_GENERATE_SWIFT_ASSET_SYMBOL_EXTENSIONS = YES;
				CLANG_ANALYZER_NONNULL = YES;
				CLANG_ANALYZER_NUMBER_OBJECT_CONVERSION = YES_AGGRESSIVE;
				CLANG_CXX_LANGUAGE_STANDARD = "gnu++20";
				CLANG_ENABLE_MODULES = YES;
				CLANG_ENABLE_OBJC_ARC = YES;
				CLANG_ENABLE_OBJC_WEAK = YES;
				CLANG_WARN_BLOCK_CAPTURE_AUTORELEASING = YES;
				CLANG_WARN_BOOL_CONVERSION = YES;
				CLANG_WARN_COMMA = YES;
				CLANG_WARN_CONSTANT_CONVERSION = YES;
				CLANG_WARN_DEPRECATED_OBJC_IMPLEMENTATIONS = YES;
				CLANG_WARN_DIRECT_OBJC_ISA_USAGE = YES_ERROR;
				CLANG_WARN_DOCUMENTATION_COMMENTS = YES;
				CLANG_WARN_EMPTY_BODY = YES;
				CLANG_WARN_ENUM_CONVERSION = YES;
				CLANG_WARN_INFINITE_RECURSION = YES;
				CLANG_WARN_INT_CONVERSION = YES;
				CLANG_WARN_NON_LITERAL_NULL_CONVERSION = YES;
				CLANG_WARN_OBJC_IMPLICIT_RETAIN_SELF = YES;
				CLANG_WARN_OBJC_LITERAL_CONVERSION = YES;
				CLANG_WARN_OBJC_ROOT_CLASS = YES_ERROR;
				CLANG_WARN_QUOTED_INCLUDE_IN_FRAMEWORK_HEADER = YES;
				CLANG_WARN_RANGE_LOOP_ANALYSIS = YES;
				CLANG_WARN_STRICT_PROTOTYPES = YES;
				CLANG_WARN_SUSPICIOUS_MOVE = YES;
				CLANG_WARN_UNGUARDED_AVAILABILITY = YES_AGGRESSIVE;
				CLANG_WARN_UNREACHABLE_CODE = YES;
				CLANG_WARN__DUPLICATE_METHOD_MATCH = YES;
				COPY_PHASE_STRIP = NO;
				DEBUG_INFORMATION_FORMAT = "dwarf-with-dsym";
				ENABLE_NS_ASSERTIONS = NO;
				ENABLE_STRICT_OBJC_MSGSEND = YES;
				ENABLE_USER_SCRIPT_SANDBOXING = YES;
				GCC_C_LANGUAGE_STANDARD = gnu17;
				GCC_NO_COMMON_BLOCKS = YES;
				GCC_WARN_64_TO_32_BIT_CONVERSION = YES;
				GCC_WARN_ABOUT_RETURN_TYPE = YES_ERROR;
				GCC_WARN_UNDECLARED_SELECTOR = YES;
				GCC_WARN_UNINITIALIZED_AUTOS = YES_AGGRESSIVE;
				GCC_WARN_UNUSED_FUNCTION = YES;
				GCC_WARN_UNUSED_VARIABLE = YES;
				IPHONEOS_DEPLOYMENT_TARGET = 17.4;
				LOCALIZATION_PREFERS_STRING_CATALOGS = YES;
				MTL_ENABLE_DEBUG_INFO = NO;
				MTL_FAST_MATH = YES;
				SDKROOT = iphoneos;
				SWIFT_COMPILATION_MODE = wholemodule;
				VALIDATE_PRODUCT = YES;
			};
			name = Release;
		};
		C43793FA2BE404CE000C855E /* Debug */ = {
			isa = XCBuildConfiguration;
			baseConfigurationReference = 235F1D3A0015D801A9560025 /* Pods-Exemplo-firebase.debug.xcconfig */;
			buildSettings = {
				ASSETCATALOG_COMPILER_APPICON_NAME = AppIcon;
				ASSETCATALOG_COMPILER_GLOBAL_ACCENT_COLOR_NAME = AccentColor;
				CODE_SIGN_STYLE = Automatic;
				CURRENT_PROJECT_VERSION = 1;
				GENERATE_INFOPLIST_FILE = YES;
				INFOPLIST_FILE = "Exemplo-firebase/Info.plist";
				INFOPLIST_KEY_UIApplicationSupportsIndirectInputEvents = YES;
				INFOPLIST_KEY_UILaunchStoryboardName = LaunchScreen;
				INFOPLIST_KEY_UIMainStoryboardFile = Main;
				INFOPLIST_KEY_UISupportedInterfaceOrientations_iPad = "UIInterfaceOrientationPortrait UIInterfaceOrientationPortraitUpsideDown UIInterfaceOrientationLandscapeLeft UIInterfaceOrientationLandscapeRight";
				INFOPLIST_KEY_UISupportedInterfaceOrientations_iPhone = "UIInterfaceOrientationPortrait UIInterfaceOrientationLandscapeLeft UIInterfaceOrientationLandscapeRight";
				LD_RUNPATH_SEARCH_PATHS = (
					"$(inherited)",
					"@executable_path/Frameworks",
				);
				MARKETING_VERSION = 1.0;
				PRODUCT_BUNDLE_IDENTIFIER = "GabrielMors.Exemplo-firebase";
				PRODUCT_NAME = "$(TARGET_NAME)";
				SWIFT_EMIT_LOC_STRINGS = YES;
				SWIFT_VERSION = 5.0;
				TARGETED_DEVICE_FAMILY = "1,2";
			};
			name = Debug;
		};
		C43793FB2BE404CE000C855E /* Release */ = {
			isa = XCBuildConfiguration;
			baseConfigurationReference = FE0EB3A5BBB4BDAE1C6B2BFA /* Pods-Exemplo-firebase.release.xcconfig */;
			buildSettings = {
				ASSETCATALOG_COMPILER_APPICON_NAME = AppIcon;
				ASSETCATALOG_COMPILER_GLOBAL_ACCENT_COLOR_NAME = AccentColor;
				CODE_SIGN_STYLE = Automatic;
				CURRENT_PROJECT_VERSION = 1;
				GENERATE_INFOPLIST_FILE = YES;
				INFOPLIST_FILE = "Exemplo-firebase/Info.plist";
				INFOPLIST_KEY_UIApplicationSupportsIndirectInputEvents = YES;
				INFOPLIST_KEY_UILaunchStoryboardName = LaunchScreen;
				INFOPLIST_KEY_UIMainStoryboardFile = Main;
				INFOPLIST_KEY_UISupportedInterfaceOrientations_iPad = "UIInterfaceOrientationPortrait UIInterfaceOrientationPortraitUpsideDown UIInterfaceOrientationLandscapeLeft UIInterfaceOrientationLandscapeRight";
				INFOPLIST_KEY_UISupportedInterfaceOrientations_iPhone = "UIInterfaceOrientationPortrait UIInterfaceOrientationLandscapeLeft UIInterfaceOrientationLandscapeRight";
				LD_RUNPATH_SEARCH_PATHS = (
					"$(inherited)",
					"@executable_path/Frameworks",
				);
				MARKETING_VERSION = 1.0;
				PRODUCT_BUNDLE_IDENTIFIER = "GabrielMors.Exemplo-firebase";
				PRODUCT_NAME = "$(TARGET_NAME)";
				SWIFT_EMIT_LOC_STRINGS = YES;
				SWIFT_VERSION = 5.0;
				TARGETED_DEVICE_FAMILY = "1,2";
			};
			name = Release;
		};
/* End XCBuildConfiguration section */

/* Begin XCConfigurationList section */
		C43793E02BE404CB000C855E /* Build configuration list for PBXProject "Exemplo-firebase" */ = {
			isa = XCConfigurationList;
			buildConfigurations = (
				C43793F72BE404CE000C855E /* Debug */,
				C43793F82BE404CE000C855E /* Release */,
			);
			defaultConfigurationIsVisible = 0;
			defaultConfigurationName = Release;
		};
		C43793F92BE404CE000C855E /* Build configuration list for PBXNativeTarget "Exemplo-firebase" */ = {
			isa = XCConfigurationList;
			buildConfigurations = (
				C43793FA2BE404CE000C855E /* Debug */,
				C43793FB2BE404CE000C855E /* Release */,
			);
			defaultConfigurationIsVisible = 0;
			defaultConfigurationName = Release;
		};
/* End XCConfigurationList section */
	};
	rootObject = C43793DD2BE404CB000C855E /* Project object */;
}
